
Microsoft Visual Studio Solution File, Format Version 12.00
# Visual Studio 15
VisualStudioVersion = 15.0.27428.2015
MinimumVisualStudioVersion = 10.0.40219.1
Project("{9A19103F-16F7-4668-BE54-9A1E7A4F7556}") = "common", "common\common.csproj", "{DD7861BF-7D6C-485F-A05F-8D843A93F803}"
EndProject
Project("{9A19103F-16F7-4668-BE54-9A1E7A4F7556}") = "executor", "Executor\executor.csproj", "{B73AC1AC-6642-4EC2-BECB-B2EA4260F28A}"
EndProject
Project("{9A19103F-16F7-4668-BE54-9A1E7A4F7556}") = "core", "core\core.csproj", "{64BC59F0-CA51-429E-B02E-7C86E14B5519}"
EndProject
Project("{9A19103F-16F7-4668-BE54-9A1E7A4F7556}") = "augmentation_sampler", "augmentation_sampler\augmentation_sampler.csproj", "{127E3DEE-A4D3-4943-98D6-26679C1A2E9F}"
EndProject
Project("{FAE04EC0-301F-11D3-BF4B-00C04F79EFBC}") = "downloader", "downloader\downloader.csproj", "{E53C6DAE-8DA2-428F-896F-9B6A958D8588}"
EndProject
Project("{9A19103F-16F7-4668-BE54-9A1E7A4F7556}") = "external_tools", "external_tools\external_tools.csproj", "{36EBFEC5-2A6B-418D-9CD7-70D7941CEC38}"
EndProject
Project("{9A19103F-16F7-4668-BE54-9A1E7A4F7556}") = "Tests", "UndergroundTest\Tests.csproj", "{3805FF2C-3227-4074-8320-AAD72F9A5699}"
EndProject
Project("{9A19103F-16F7-4668-BE54-9A1E7A4F7556}") = "bitmap", "bitmap\bitmap.csproj", "{80065E93-0CF8-4A88-BA7C-4AD4255DA81D}"
EndProject
Project("{FAE04EC0-301F-11D3-BF4B-00C04F79EFBC}") = "airplane_heights", "airplane_heights\airplane_heights.csproj", "{812D9455-96A8-41A3-9C54-4C97EAA1D577}"
EndProject
Global
	GlobalSection(SolutionConfigurationPlatforms) = preSolution
		Debug|Any CPU = Debug|Any CPU
		Release|Any CPU = Release|Any CPU
	EndGlobalSection
	GlobalSection(ProjectConfigurationPlatforms) = postSolution
		{DD7861BF-7D6C-485F-A05F-8D843A93F803}.Debug|Any CPU.ActiveCfg = Debug|Any CPU
		{DD7861BF-7D6C-485F-A05F-8D843A93F803}.Debug|Any CPU.Build.0 = Debug|Any CPU
		{DD7861BF-7D6C-485F-A05F-8D843A93F803}.Release|Any CPU.ActiveCfg = Release|Any CPU
		{DD7861BF-7D6C-485F-A05F-8D843A93F803}.Release|Any CPU.Build.0 = Release|Any CPU
		{B73AC1AC-6642-4EC2-BECB-B2EA4260F28A}.Debug|Any CPU.ActiveCfg = Debug|Any CPU
		{B73AC1AC-6642-4EC2-BECB-B2EA4260F28A}.Debug|Any CPU.Build.0 = Debug|Any CPU
		{B73AC1AC-6642-4EC2-BECB-B2EA4260F28A}.Release|Any CPU.ActiveCfg = Release|Any CPU
		{B73AC1AC-6642-4EC2-BECB-B2EA4260F28A}.Release|Any CPU.Build.0 = Release|Any CPU
		{64BC59F0-CA51-429E-B02E-7C86E14B5519}.Debug|Any CPU.ActiveCfg = Debug|Any CPU
		{64BC59F0-CA51-429E-B02E-7C86E14B5519}.Debug|Any CPU.Build.0 = Debug|Any CPU
		{64BC59F0-CA51-429E-B02E-7C86E14B5519}.Release|Any CPU.ActiveCfg = Release|Any CPU
		{64BC59F0-CA51-429E-B02E-7C86E14B5519}.Release|Any CPU.Build.0 = Release|Any CPU
		{127E3DEE-A4D3-4943-98D6-26679C1A2E9F}.Debug|Any CPU.ActiveCfg = Debug|Any CPU
		{127E3DEE-A4D3-4943-98D6-26679C1A2E9F}.Debug|Any CPU.Build.0 = Debug|Any CPU
		{127E3DEE-A4D3-4943-98D6-26679C1A2E9F}.Release|Any CPU.ActiveCfg = Release|Any CPU
		{127E3DEE-A4D3-4943-98D6-26679C1A2E9F}.Release|Any CPU.Build.0 = Release|Any CPU
		{E53C6DAE-8DA2-428F-896F-9B6A958D8588}.Debug|Any CPU.ActiveCfg = Debug|Any CPU
		{E53C6DAE-8DA2-428F-896F-9B6A958D8588}.Debug|Any CPU.Build.0 = Debug|Any CPU
		{E53C6DAE-8DA2-428F-896F-9B6A958D8588}.Release|Any CPU.ActiveCfg = Release|Any CPU
		{E53C6DAE-8DA2-428F-896F-9B6A958D8588}.Release|Any CPU.Build.0 = Release|Any CPU
		{36EBFEC5-2A6B-418D-9CD7-70D7941CEC38}.Debug|Any CPU.ActiveCfg = Debug|Any CPU
		{36EBFEC5-2A6B-418D-9CD7-70D7941CEC38}.Debug|Any CPU.Build.0 = Debug|Any CPU
		{36EBFEC5-2A6B-418D-9CD7-70D7941CEC38}.Release|Any CPU.ActiveCfg = Release|Any CPU
		{36EBFEC5-2A6B-418D-9CD7-70D7941CEC38}.Release|Any CPU.Build.0 = Release|Any CPU
		{3805FF2C-3227-4074-8320-AAD72F9A5699}.Debug|Any CPU.ActiveCfg = Debug|Any CPU
		{3805FF2C-3227-4074-8320-AAD72F9A5699}.Debug|Any CPU.Build.0 = Debug|Any CPU
		{3805FF2C-3227-4074-8320-AAD72F9A5699}.Release|Any CPU.ActiveCfg = Release|Any CPU
		{3805FF2C-3227-4074-8320-AAD72F9A5699}.Release|Any CPU.Build.0 = Release|Any CPU
		{80065E93-0CF8-4A88-BA7C-4AD4255DA81D}.Debug|Any CPU.ActiveCfg = Debug|Any CPU
		{80065E93-0CF8-4A88-BA7C-4AD4255DA81D}.Debug|Any CPU.Build.0 = Debug|Any CPU
		{80065E93-0CF8-4A88-BA7C-4AD4255DA81D}.Release|Any CPU.ActiveCfg = Release|Any CPU
		{80065E93-0CF8-4A88-BA7C-4AD4255DA81D}.Release|Any CPU.Build.0 = Release|Any CPU
		{812D9455-96A8-41A3-9C54-4C97EAA1D577}.Debug|Any CPU.ActiveCfg = Debug|Any CPU
		{812D9455-96A8-41A3-9C54-4C97EAA1D577}.Debug|Any CPU.Build.0 = Debug|Any CPU
		{812D9455-96A8-41A3-9C54-4C97EAA1D577}.Release|Any CPU.ActiveCfg = Release|Any CPU
		{812D9455-96A8-41A3-9C54-4C97EAA1D577}.Release|Any CPU.Build.0 = Release|Any CPU
	EndGlobalSection
	GlobalSection(SolutionProperties) = preSolution
		HideSolutionNode = FALSE
	EndGlobalSection
	GlobalSection(ExtensibilityGlobals) = postSolution
		SolutionGuid = {9B85C9FF-6900-4ECA-B111-9ECD8AB07DF1}
	EndGlobalSection
EndGlobal
